
Microsoft Visual Studio Solution File, Format Version 12.00
# Visual Studio Version 16
VisualStudioVersion = 16.0.30225.117
MinimumVisualStudioVersion = 10.0.40219.1
Project("{FAE04EC0-301F-11D3-BF4B-00C04F79EFBC}") = "caixa-troco", "caixa-troco.csproj", "{C53D488B-77B6-40DF-BD18-80D0419E32DB}"
EndProject
Global
	GlobalSection(SolutionConfigurationPlatforms) = preSolution
		Debug|Any CPU = Debug|Any CPU
		Release|Any CPU = Release|Any CPU
	EndGlobalSection
	GlobalSection(ProjectConfigurationPlatforms) = postSolution
		{C53D488B-77B6-40DF-BD18-80D0419E32DB}.Debug|Any CPU.ActiveCfg = Debug|Any CPU
		{C53D488B-77B6-40DF-BD18-80D0419E32DB}.Debug|Any CPU.Build.0 = Debug|Any CPU
		{C53D488B-77B6-40DF-BD18-80D0419E32DB}.Release|Any CPU.ActiveCfg = Release|Any CPU
		{C53D488B-77B6-40DF-BD18-80D0419E32DB}.Release|Any CPU.Build.0 = Release|Any CPU
	EndGlobalSection
	GlobalSection(SolutionProperties) = preSolution
		HideSolutionNode = FALSE
	EndGlobalSection
	GlobalSection(ExtensibilityGlobals) = postSolution
		SolutionGuid = {574558E4-CE3D-444F-B602-6110ED34F9E0}
	EndGlobalSection
EndGlobal
